// !$*UTF8*$!
{
	archiveVersion = 1;
	classes = {
	};
	objectVersion = 46;
	objects = {

/* Begin PBXBuildFile section */
		773B22B81E2BA4E800C5141C /* Graf.cpp in Sources */ = {isa = PBXBuildFile; fileRef = 773B22B61E2BA4E800C5141C /* Graf.cpp */; };
		7787F6AD1E2A66F5007A46E3 /* main.cpp in Sources */ = {isa = PBXBuildFile; fileRef = 7787F6AC1E2A66F5007A46E3 /* main.cpp */; };
/* End PBXBuildFile section */

/* Begin PBXCopyFilesBuildPhase section */
		7787F6A71E2A66F5007A46E3 /* CopyFiles */ = {
			isa = PBXCopyFilesBuildPhase;
			buildActionMask = 2147483647;
			dstPath = /usr/share/man/man1/;
			dstSubfolderSpec = 0;
			files = (
			);
			runOnlyForDeploymentPostprocessing = 1;
		};
/* End PBXCopyFilesBuildPhase section */

/* Begin PBXFileReference section */
		773B22B61E2BA4E800C5141C /* Graf.cpp */ = {isa = PBXFileReference; fileEncoding = 4; lastKnownFileType = sourcecode.cpp.cpp; path = Graf.cpp; sourceTree = "<group>"; };
		773B22B71E2BA4E800C5141C /* Graf.hpp */ = {isa = PBXFileReference; fileEncoding = 4; lastKnownFileType = sourcecode.cpp.h; path = Graf.hpp; sourceTree = "<group>"; };
		7787F6A91E2A66F5007A46E3 /* CS103-PZ03-JelenaZivkovic2731 */ = {isa = PBXFileReference; explicitFileType = "compiled.mach-o.executable"; includeInIndex = 0; path = "CS103-PZ03-JelenaZivkovic2731"; sourceTree = BUILT_PRODUCTS_DIR; };
		7787F6AC1E2A66F5007A46E3 /* main.cpp */ = {isa = PBXFileReference; lastKnownFileType = sourcecode.cpp.cpp; path = main.cpp; sourceTree = "<group>"; };
/* End PBXFileReference section */

/* Begin PBXFrameworksBuildPhase section */
		7787F6A61E2A66F5007A46E3 /* Frameworks */ = {
			isa = PBXFrameworksBuildPhase;
			buildActionMask = 2147483647;
			files = (
			);
			runOnlyForDeploymentPostprocessing = 0;
		};
/* End PBXFrameworksBuildPhase section */

/* Begin PBXGroup section */
		7787F6A01E2A66F5007A46E3 = {
			isa = PBXGroup;
			children = (
				7787F6AB1E2A66F5007A46E3 /* CS103-PZ03-JelenaZivkovic2731 */,
				7787F6AA1E2A66F5007A46E3 /* Products */,
			);
			sourceTree = "<group>";
		};
		7787F6AA1E2A66F5007A46E3 /* Products */ = {
			isa = PBXGroup;
			children = (
				7787F6A91E2A66F5007A46E3 /* CS103-PZ03-JelenaZivkovic2731 */,
			);
			name = Products;
			sourceTree = "<group>";
		};
		7787F6AB1E2A66F5007A46E3 /* CS103-PZ03-JelenaZivkovic2731 */ = {
			isa = PBXGroup;
			children = (
				7787F6AC1E2A66F5007A46E3 /* main.cpp */,
				773B22B61E2BA4E800C5141C /* Graf.cpp */,
				773B22B71E2BA4E800C5141C /* Graf.hpp */,
			);
			path = "CS103-PZ03-JelenaZivkovic2731";
			sourceTree = "<group>";
		};
/* End PBXGroup section */

/* Begin PBXNativeTarget section */
		7787F6A81E2A66F5007A46E3 /* CS103-PZ03-JelenaZivkovic2731 */ = {
			isa = PBXNativeTarget;
			buildConfigurationList = 7787F6B01E2A66F5007A46E3 /* Build configuration list for PBXNativeTarget "CS103-PZ03-JelenaZivkovic2731" */;
			buildPhases = (
				7787F6A51E2A66F5007A46E3 /* Sources */,
				7787F6A61E2A66F5007A46E3 /* Frameworks */,
				7787F6A71E2A66F5007A46E3 /* CopyFiles */,
			);
			buildRules = (
			);
			dependencies = (
			);
			name = "CS103-PZ03-JelenaZivkovic2731";
			productName = "CS103-PZ03-JelenaZivkovic2731";
			productReference = 7787F6A91E2A66F5007A46E3 /* CS103-PZ03-JelenaZivkovic2731 */;
			productType = "com.apple.product-type.tool";
		};
/* End PBXNativeTarget section */

/* Begin PBXProject section */
		7787F6A11E2A66F5007A46E3 /* Project object */ = {
			isa = PBXProject;
			attributes = {
				LastUpgradeCheck = 0820;
				ORGANIZATIONNAME = Jelena;
				TargetAttributes = {
					7787F6A81E2A66F5007A46E3 = {
						CreatedOnToolsVersion = 8.2.1;
						DevelopmentTeam = FAT7YC3NV3;
						ProvisioningStyle = Automatic;
					};
				};
			};
			buildConfigurationList = 7787F6A41E2A66F5007A46E3 /* Build configuration list for PBXProject "CS103-PZ03-JelenaZivkovic2731" */;
			compatibilityVersion = "Xcode 3.2";
			developmentRegion = English;
			hasScannedForEncodings = 0;
			knownRegions = (
				en,
			);
			mainGroup = 7787F6A01E2A66F5007A46E3;
			productRefGroup = 7787F6AA1E2A66F5007A46E3 /* Products */;
			projectDirPath = "";
			projectRoot = "";
			targets = (
				7787F6A81E2A66F5007A46E3 /* CS103-PZ03-JelenaZivkovic2731 */,
			);
		};
/* End PBXProject section */

/* Begin PBXSourcesBuildPhase section */
		7787F6A51E2A66F5007A46E3 /* Sources */ = {
			isa = PBXSourcesBuildPhase;
			buildActionMask = 2147483647;
			files = (
				7787F6AD1E2A66F5007A46E3 /* main.cpp in Sources */,
				773B22B81E2BA4E800C5141C /* Graf.cpp in Sources */,
			);
			runOnlyForDeploymentPostprocessing = 0;
		};
/* End PBXSourcesBuildPhase section */

/* Begin XCBuildConfiguration section */
		7787F6AE1E2A66F5007A46E3 /* Debug */ = {
			isa = XCBuildConfiguration;
			buildSettings = {
				ALWAYS_SEARCH_USER_PATHS = NO;
				CLANG_ANALYZER_NONNULL = YES;
				CLANG_CXX_LANGUAGE_STANDARD = "gnu++0x";
				CLANG_CXX_LIBRARY = "libc++";
				CLANG_ENABLE_MODULES = YES;
				CLANG_ENABLE_OBJC_ARC = YES;
				CLANG_WARN_BOOL_CONVERSION = YES;
				CLANG_WARN_CONSTANT_CONVERSION = YES;
				CLANG_WARN_DIRECT_OBJC_ISA_USAGE = YES_ERROR;
				CLANG_WARN_DOCUMENTATION_COMMENTS = YES;
				CLANG_WARN_EMPTY_BODY = YES;
				CLANG_WARN_ENUM_CONVERSION = YES;
				CLANG_WARN_INFINITE_RECURSION = YES;
				CLANG_WARN_INT_CONVERSION = YES;
				CLANG_WARN_OBJC_ROOT_CLASS = YES_ERROR;
				CLANG_WARN_SUSPICIOUS_MOVE = YES;
				CLANG_WARN_UNREACHABLE_CODE = YES;
				CLANG_WARN__DUPLICATE_METHOD_MATCH = YES;
				CODE_SIGN_IDENTITY = "-";
				COPY_PHASE_STRIP = NO;
				DEBUG_INFORMATION_FORMAT = dwarf;
				ENABLE_STRICT_OBJC_MSGSEND = YES;
				ENABLE_TESTABILITY = YES;
				GCC_C_LANGUAGE_STANDARD = gnu99;
				GCC_DYNAMIC_NO_PIC = NO;
				GCC_NO_COMMON_BLOCKS = YES;
				GCC_OPTIMIZATION_LEVEL = 0;
				GCC_PREPROCESSOR_DEFINITIONS = (
					"DEBUG=1",
					"$(inherited)",
				);
				GCC_WARN_64_TO_32_BIT_CONVERSION = YES;
				GCC_WARN_ABOUT_RETURN_TYPE = YES_ERROR;
				GCC_WARN_UNDECLARED_SELECTOR = YES;
				GCC_WARN_UNINITIALIZED_AUTOS = YES_AGGRESSIVE;
				GCC_WARN_UNUSED_FUNCTION = YES;
				GCC_WARN_UNUSED_VARIABLE = YES;
				MACOSX_DEPLOYMENT_TARGET = 10.12;
				MTL_ENABLE_DEBUG_INFO = YES;
				ONLY_ACTIVE_ARCH = YES;
				SDKROOT = macosx;
			};
			name = Debug;
		};
		7787F6AF1E2A66F5007A46E3 /* Release */ = {
			isa = XCBuildConfiguration;
			buildSettings = {
				ALWAYS_SEARCH_USER_PATHS = NO;
				CLANG_ANALYZER_NONNULL = YES;
				CLANG_CXX_LANGUAGE_STANDARD = "gnu++0x";
				CLANG_CXX_LIBRARY = "libc++";
				CLANG_ENABLE_MODULES = YES;
				CLANG_ENABLE_OBJC_ARC = YES;
				CLANG_WARN_BOOL_CONVERSION = YES;
				CLANG_WARN_CONSTANT_CONVERSION = YES;
				CLANG_WARN_DIRECT_OBJC_ISA_USAGE = YES_ERROR;
				CLANG_WARN_DOCUMENTATION_COMMENTS = YES;
				CLANG_WARN_EMPTY_BODY = YES;
				CLANG_WARN_ENUM_CONVERSION = YES;
				CLANG_WARN_INFINITE_RECURSION = YES;
				CLANG_WARN_INT_CONVERSION = YES;
				CLANG_WARN_OBJC_ROOT_CLASS = YES_ERROR;
				CLANG_WARN_SUSPICIOUS_MOVE = YES;
				CLANG_WARN_UNREACHABLE_CODE = YES;
				CLANG_WARN__DUPLICATE_METHOD_MATCH = YES;
				CODE_SIGN_IDENTITY = "-";
				COPY_PHASE_STRIP = NO;
				DEBUG_INFORMATION_FORMAT = "dwarf-with-dsym";
				ENABLE_NS_ASSERTIONS = NO;
				ENABLE_STRICT_OBJC_MSGSEND = YES;
				GCC_C_LANGUAGE_STANDARD = gnu99;
				GCC_NO_COMMON_BLOCKS = YES;
				GCC_WARN_64_TO_32_BIT_CONVERSION = YES;
				GCC_WARN_ABOUT_RETURN_TYPE = YES_ERROR;
				GCC_WARN_UNDECLARED_SELECTOR = YES;
				GCC_WARN_UNINITIALIZED_AUTOS = YES_AGGRESSIVE;
				GCC_WARN_UNUSED_FUNCTION = YES;
				GCC_WARN_UNUSED_VARIABLE = YES;
				MACOSX_DEPLOYMENT_TARGET = 10.12;
				MTL_ENABLE_DEBUG_INFO = NO;
				SDKROOT = macosx;
			};
			name = Release;
		};
		7787F6B11E2A66F5007A46E3 /* Debug */ = {
			isa = XCBuildConfiguration;
			buildSettings = {
				DEVELOPMENT_TEAM = FAT7YC3NV3;
				PRODUCT_NAME = "$(TARGET_NAME)";
			};
			name = Debug;
		};
		7787F6B21E2A66F5007A46E3 /* Release */ = {
			isa = XCBuildConfiguration;
			buildSettings = {
				DEVELOPMENT_TEAM = FAT7YC3NV3;
				PRODUCT_NAME = "$(TARGET_NAME)";
			};
			name = Release;
		};
/* End XCBuildConfiguration section */

/* Begin XCConfigurationList section */
		7787F6A41E2A66F5007A46E3 /* Build configuration list for PBXProject "CS103-PZ03-JelenaZivkovic2731" */ = {
			isa = XCConfigurationList;
			buildConfigurations = (
				7787F6AE1E2A66F5007A46E3 /* Debug */,
				7787F6AF1E2A66F5007A46E3 /* Release */,
			);
			defaultConfigurationIsVisible = 0;
			defaultConfigurationName = Release;
		};
		7787F6B01E2A66F5007A46E3 /* Build configuration list for PBXNativeTarget "CS103-PZ03-JelenaZivkovic2731" */ = {
			isa = XCConfigurationList;
			buildConfigurations = (
				7787F6B11E2A66F5007A46E3 /* Debug */,
				7787F6B21E2A66F5007A46E3 /* Release */,
			);
			defaultConfigurationIsVisible = 0;
			defaultConfigurationName = Release;
		};
/* End XCConfigurationList section */
	};
	rootObject = 7787F6A11E2A66F5007A46E3 /* Project object */;
}
